
Microsoft Visual Studio Solution File, Format Version 12.00
# Visual Studio Version 16
VisualStudioVersion = 16.0.31105.61
MinimumVisualStudioVersion = 10.0.40219.1
Project("{9A19103F-16F7-4668-BE54-9A1E7A4F7556}") = "TradeCategorizer", "TradeCategorizer\TradeCategorizer.csproj", "{C2806275-7507-4F52-B0F1-7D98529E2B53}"
EndProject
Project("{FAE04EC0-301F-11D3-BF4B-00C04F79EFBC}") = "TradeCategorizer.Tests", "TradeCategorizer.Tests\TradeCategorizer.Tests.csproj", "{DD3FE8A8-4C22-4E7F-A7F9-416C1D4AFF5A}"
EndProject
Global
	GlobalSection(SolutionConfigurationPlatforms) = preSolution
		Debug|Any CPU = Debug|Any CPU
		Release|Any CPU = Release|Any CPU
	EndGlobalSection
	GlobalSection(ProjectConfigurationPlatforms) = postSolution
		{C2806275-7507-4F52-B0F1-7D98529E2B53}.Debug|Any CPU.ActiveCfg = Debug|Any CPU
		{C2806275-7507-4F52-B0F1-7D98529E2B53}.Debug|Any CPU.Build.0 = Debug|Any CPU
		{C2806275-7507-4F52-B0F1-7D98529E2B53}.Release|Any CPU.ActiveCfg = Release|Any CPU
		{C2806275-7507-4F52-B0F1-7D98529E2B53}.Release|Any CPU.Build.0 = Release|Any CPU
		{DD3FE8A8-4C22-4E7F-A7F9-416C1D4AFF5A}.Debug|Any CPU.ActiveCfg = Debug|Any CPU
		{DD3FE8A8-4C22-4E7F-A7F9-416C1D4AFF5A}.Debug|Any CPU.Build.0 = Debug|Any CPU
		{DD3FE8A8-4C22-4E7F-A7F9-416C1D4AFF5A}.Release|Any CPU.ActiveCfg = Release|Any CPU
		{DD3FE8A8-4C22-4E7F-A7F9-416C1D4AFF5A}.Release|Any CPU.Build.0 = Release|Any CPU
	EndGlobalSection
	GlobalSection(SolutionProperties) = preSolution
		HideSolutionNode = FALSE
	EndGlobalSection
	GlobalSection(ExtensibilityGlobals) = postSolution
		SolutionGuid = {44A7315B-BF7E-4D51-BF0B-D32381A1C02F}
	EndGlobalSection
EndGlobal
